{
    "name": "us.fimav.assistant",
    "version": "2026.1.5",
    "lockfileVersion": 2,
    "requires": true,
    "packages": {
        "": {
            "name": "us.fimav.assistant",
            "version": "2026.1.5",
            "hasInstallScript": true,
            "license": "MIT"
        }
    }
}
